
Microsoft Visual Studio Solution File, Format Version 12.00
# Visual Studio Version 17
VisualStudioVersion = 17.0.31903.59
MinimumVisualStudioVersion = 10.0.40219.1
Project("{FAE04EC0-301F-11D3-BF4B-00C04F79EFBC}") = "RiverBooks.Web", "RiverBooks.Web\RiverBooks.Web.csproj", "{7AC3656F-445E-49C6-A68D-0F3EEA7A06DF}"
EndProject
Project("{FAE04EC0-301F-11D3-BF4B-00C04F79EFBC}") = "RiverBooks.Books", "RiverBooks.Books\RiverBooks.Books.csproj", "{5A6A1F9F-1343-4F57-A291-F352C2385B0F}"
EndProject
Global
	GlobalSection(SolutionConfigurationPlatforms) = preSolution
		Debug|Any CPU = Debug|Any CPU
		Release|Any CPU = Release|Any CPU
	EndGlobalSection
	GlobalSection(SolutionProperties) = preSolution
		HideSolutionNode = FALSE
	EndGlobalSection
	GlobalSection(ProjectConfigurationPlatforms) = postSolution
		{7AC3656F-445E-49C6-A68D-0F3EEA7A06DF}.Debug|Any CPU.ActiveCfg = Debug|Any CPU
		{7AC3656F-445E-49C6-A68D-0F3EEA7A06DF}.Debug|Any CPU.Build.0 = Debug|Any CPU
		{7AC3656F-445E-49C6-A68D-0F3EEA7A06DF}.Release|Any CPU.ActiveCfg = Release|Any CPU
		{7AC3656F-445E-49C6-A68D-0F3EEA7A06DF}.Release|Any CPU.Build.0 = Release|Any CPU
		{5A6A1F9F-1343-4F57-A291-F352C2385B0F}.Debug|Any CPU.ActiveCfg = Debug|Any CPU
		{5A6A1F9F-1343-4F57-A291-F352C2385B0F}.Debug|Any CPU.Build.0 = Debug|Any CPU
		{5A6A1F9F-1343-4F57-A291-F352C2385B0F}.Release|Any CPU.ActiveCfg = Release|Any CPU
		{5A6A1F9F-1343-4F57-A291-F352C2385B0F}.Release|Any CPU.Build.0 = Release|Any CPU
	EndGlobalSection
EndGlobal
